version = 1
revision = 3
requires-python = ">=3.14"

[[package]]
name = "black"
version = "26.10.0"
source = { registry = "https://pypi.org/simple" }
dependencies = [
    { name = "click" },
    { name = "mypy-extensions" },
    { name = "packaging" },
    { name = "pathspec" },
    { name = "platformdirs" },
    { name = "pytokens" },
]
sdist = { url = "https://files.pythonhosted.org/packages/d9/38/02b7c5d2475f40c000a142b3bcddd29ff6674617eba1b2236f0cda9fff41/black-26.10.0.tar.gz", hash = "sha256:b3476ce71b494fc6e39d77e75488e8339a87583029bbf608416e955c83582bd6", size = 728037, upload-time = "2026-10-04T16:52:29.588Z" }
wheels = [
    { url = "https://files.pythonhosted.org/packages/3d/ab/863f3385aa6b227525c666b0d27ab3e646ac656322f3a5b5e9bfca76cd73/black-26.10.0-cp314-cp314-macosx_10_15_x86_64.whl", hash = "sha256:3ae1b87103e33f1cd7a47a55ad693bf3101d043c75ce8c32209127ea87291de4", size = 2123035, upload-time = "2026-10-04T16:56:44.972Z" },
    { url = "https://files.pythonhosted.org/packages/94/eb/ea58ef8d2455e170a32b1368d83458286c284007e9584bb83d58fc5e60e5/black-26.10.0-cp314-cp314-macosx_11_0_arm64.whl", hash = "sha256:c3e770b27a848b23ca90783dcce243a72035566322fdee7b7080aed2f1066692", size = 1959468, upload-time = "2026-10-04T16:56:46.482Z" },
    { url = "https://files.pythonhosted.org/packages/9d/97/66b41852338be14c760cc432ae7041c52111521cd11c12005c279f387713/black-26.10.0-cp314-cp314-manylinux2014_x86_64.manylinux_2_17_x86_64.manylinux_2_28_x86_64.whl", hash = "sha256:3584c121fc57d08e0f73510df1d206f2c0c8858d3c82fc0664af7647ee8d1b3f", size = 2028670, upload-time = "2026-10-04T16:56:48.337Z" },
    { url = "https://files.pythonhosted.org/packages/a4/3c/66ac4db9f62279955bef083a40a50cce73a3371d585df98530bfddb04d4d/black-26.10.0-cp314-cp314-win_amd64.whl", hash = "sha256:c5e1e899bcc049203b1c3514dfbae8410f9ed7b650f2d4c9907064e94401cdc2", size = 1634476, upload-time = "2026-10-04T16:56:49.887Z" },
    { url = "https://files.pythonhosted.org/packages/f2/f9/259ee30109f5ff3594df83aa559c4a511d7a186375bab16bcaeb3af6e080/black-26.10.0-cp314-cp314-win_arm64.whl", hash = "sha256:5e71cf23717ca67ba4ff2d0250f3603aa38dcdb3e9c66ed39983b71a2c2ea4ac", size = 1485278, upload-time = "2026-10-04T16:56:51.537Z" },
    { url = "https://files.pythonhosted.org/packages/a8/fe/254aa53014e1c72af56c72a82e6286006140649161684c2b2fe4c285dfd2/black-26.10.0-py3-none-any.whl", hash = "sha256:b532e40012f21a8a0e8c5996ea8f5f8413dc89793361aa9e2f451826d0ebd711", size = 234882, upload-time = "2026-10-04T16:52:27.557Z" },
]

[[package]]
name = "clang-format"
version = "23.1.3"
source = { registry = "https://pypi.org/simple" }
sdist = { url = "https://files.pythonhosted.org/packages/33/c1/76dcec575f5fa6598e32cc66731c499349610ebdcb0393e76cceaa74c3bb/clang_format-23.1.3.tar.gz", hash = "sha256:9f7a4e7a2b8eb766bdef11da742fa93fc58c2b0e960e6a6041716618326a07c5", size = 11506, upload-time = "2026-10-06T20:27:32.799Z" }
wheels = [
    { url = "https://files.pythonhosted.org/packages/05/0f/a1813ede1e149e700ee810baf22dd9c863ca0bd719d73f86e8c10b67a6bb/clang_format-23.1.3-py2.py3-none-macosx_10_9_x86_64.whl", hash = "sha256:0b8e86cc5a870ca42989bd1ccfe5220fbab96e386922d0a8f0ca350db30593df", size = 1565137, upload-time = "2026-10-06T20:27:05.231Z" },
    { url = "https://files.pythonhosted.org/packages/47/a5/2007b7a7a53dfe417e66d0a6b38b2f87f16391bfe6fe522d436d1e50be1c/clang_format-23.1.3-py2.py3-none-macosx_11_0_arm64.whl", hash = "sha256:79f53ac55434af6dda88eb90eeb65d903ff920c910f78041de41e3ca666dfba5", size = 1552313, upload-time = "2026-10-06T20:27:07.196Z" },
    { url = "https://files.pythonhosted.org/packages/1d/00/a0f99e24dc4892fb120e82fa9cf6e8fcb92714181ffd1165ab7eaf5ba1fd/clang_format-23.1.3-py2.py3-none-manylinux_2_26_aarch64.manylinux_2_28_aarch64.whl", hash = "sha256:072113527b49a9c0ab9058006d9fe20e583823e6482608a34e1883dd2c49ae7d", size = 1820841, upload-time = "2026-10-06T20:27:08.675Z" },
    { url = "https://files.pythonhosted.org/packages/b2/d4/c74dbdaaa72dcb447007c6611ca1a50751c451a75c1d58d1965728001b32/clang_format-23.1.3-py2.py3-none-manylinux_2_26_i686.manylinux_2_28_i686.whl", hash = "sha256:8736b2cd4ed510ceeb1cac2ed0687fd03ce32f82ea960c3c3e62020c5ec88b40", size = 1954844, upload-time = "2026-10-06T20:27:10.441Z" },
    { url = "https://files.pythonhosted.org/packages/d3/51/0517ba621f554044201e44a61abb2bf64821fac79e3b6260670ff4ef2398/clang_format-23.1.3-py2.py3-none-manylinux_2_26_ppc64le.manylinux_2_28_ppc64le.whl", hash = "sha256:b1ab2973aa6d2b72289709df1b2969e0a3f1e09dccb665745b18ca265d4419f3", size = 2192373, upload-time = "2026-10-06T20:27:11.911Z" },
    { url = "https://files.pythonhosted.org/packages/ac/9a/7c3dd660c8655e2c8d96d7684b05557f0a407a7e6338749d1d47355a7d41/clang_format-23.1.3-py2.py3-none-manylinux_2_26_s390x.manylinux_2_28_s390x.whl", hash = "sha256:9d4bf253feb752a3a52cc5ca595bdae88c9e41de7b35a0f470c8b26c316c2643", size = 2161068, upload-time = "2026-10-06T20:27:13.367Z" },
    { url = "https://files.pythonhosted.org/packages/11/d1/658d3da4dcbca98620956868c7cf6f4ba19fccecbdfc30cc055e19c9d4a7/clang_format-23.1.3-py2.py3-none-manylinux_2_27_x86_64.manylinux_2_28_x86_64.whl", hash = "sha256:58bf1804216501669832a39f2415e14284337438a062ff564729792adec664ac", size = 1906888, upload-time = "2026-10-06T20:27:14.79Z" },
    { url = "https://files.pythonhosted.org/packages/d6/b6/80d700f3f02a158e6510a1c16ea70a2d9c55e072d3388081152c03cbf44d/clang_format-23.1.3-py2.py3-none-manylinux_2_31_armv7l.whl", hash = "sha256:4e55a20db2d6bc7e9a3341f818a2638f269d45d5a92d2121dfe1c64d47d5b22a", size = 1738515, upload-time = "2026-10-06T20:27:16.193Z" },
    { url = "https://files.pythonhosted.org/packages/19/f1/2680a4545159dae13f96668dcfcc04d49127f3a4bc04e232cd3f5d67e9d8/clang_format-23.1.3-py2.py3-none-musllinux_1_2_aarch64.whl", hash = "sha256:fdb92131587b1ec71e587d35de552b5a9cfe32c55c5faa9c7e0956c08ee2667f", size = 2804820, upload-time = "2026-10-06T20:27:17.628Z" },
    { url = "https://files.pythonhosted.org/packages/6a/eb/3d80137f08f6c3ae5789e63fca26c3f5f06246b611529593012a32e77898/clang_format-23.1.3-py2.py3-none-musllinux_1_2_armv7l.whl", hash = "sha256:07070f0f5aaa584eb0f7613c4608709adc01c34f14a3b7efb75152d8dcfcf948", size = 2580768, upload-time = "2026-10-06T20:27:19.136Z" },
    { url = "https://files.pythonhosted.org/packages/ee/0e/bf8e7202082d2d00c1a4a79833f28725bff715eebcc505bb48d33b837bf9/clang_format-23.1.3-py2.py3-none-musllinux_1_2_i686.whl", hash = "sha256:6b87338ce8862dde24d9844970a2638d5f7fb2c5cd9d868062ccfcbd6e39f4fd", size = 3058043, upload-time = "2026-10-06T20:27:20.938Z" },
    { url = "https://files.pythonhosted.org/packages/d7/ce/db9b28062cdf54b01bc2eb7545f1368ca231545a712e7090d59327f1c4ac/clang_format-23.1.3-py2.py3-none-musllinux_1_2_ppc64le.whl", hash = "sha256:a92fac41b6a553205f69892b99c49e84195ad9b48055dbca53ec62305f2d7275", size = 3250030, upload-time = "2026-10-06T20:27:22.729Z" },
    { url = "https://files.pythonhosted.org/packages/c3/65/cee67955f7f4e3dba78e6eb243b76ce32c1d915d31760ba10abb63ea9ef8/clang_format-23.1.3-py2.py3-none-musllinux_1_2_s390x.whl", hash = "sha256:22095e50d7aa66b0336dba712dbaec76ad79b54f95bd1d4bd4cffa2aadbdab75", size = 3287158, upload-time = "2026-10-06T20:27:24.219Z" },
    { url = "https://files.pythonhosted.org/packages/81/9d/eb9c0d0d7188929a6c07ca5bc83775e3457a63123515f7692a0d310095bf/clang_format-23.1.3-py2.py3-none-musllinux_1_2_x86_64.whl", hash = "sha256:ae316062f0266f4f1c914dff24158fafc6009bef0e407bdebb6a2e2308a40a70", size = 2920230, upload-time = "2026-10-06T20:27:26.512Z" },
    { url = "https://files.pythonhosted.org/packages/32/af/51bb1f77e54863e769d5527a606298da2988520e7d43328648b6d9c6b7b5/clang_format-23.1.3-py2.py3-none-win32.whl", hash = "sha256:1560b5d7b12c9fe6ace14c659b8fae16d580dfe4abfe18eb02583ba290f01ed0", size = 1363845, upload-time = "2026-10-06T20:27:28.259Z" },
    { url = "https://files.pythonhosted.org/packages/23/a6/90148f91544e3c056e78c514f0e764c1b44d50a33344c83fd03011ea97c8/clang_format-23.1.3-py2.py3-none-win_amd64.whl", hash = "sha256:6c2b74c3a3e942ec172d768e7b945f8e136db05a7b735d49ecfc69bda97643ad", size = 1537541, upload-time = "2026-10-06T20:27:29.654Z" },
    { url = "https://files.pythonhosted.org/packages/fb/ed/47bda876e360ca71f366f256939dd674e7a5f4f8deae6eddf7819ea21832/clang_format-23.1.3-py2.py3-none-win_arm64.whl", hash = "sha256:583af22e6593b8ea463412cf3411f55731f117546ad13e88b9ce585e7c47475f", size = 1442230, upload-time = "2026-10-06T20:27:31.241Z" },
]

[[package]]
name = "click"
version = "8.5.0"
source = { registry = "https://pypi.org/simple" }
sdist = { url = "https://files.pythonhosted.org/packages/c7/0e/7fa0ef50764b67090eca4114772a2abf8b6148198475e54c660b97caeee6/click-8.5.0.tar.gz", hash = "sha256:ba0d2089de75ea0310e2dde03160e6ca10009947fb95a182f9b54021bb272e34", size = 382235, upload-time = "2026-08-26T13:33:14.56Z" }
wheels = [
    { url = "https://files.pythonhosted.org/packages/58/50/6c0d534c5f134586a8e1ba4e330569e32f057e33372ae556463212fb4cd3/click-8.5.0-py3-none-any.whl", hash = "sha256:255bc9599cf7748b4b1a446ccc735421bd08a2ae529a8b88597d3de5664ee360", size = 125251, upload-time = "2026-08-26T13:33:12.928Z" },
]

[[package]]
name = "cpplint"
version = "2.0.2"
source = { registry = "https://pypi.org/simple" }
sdist = { url = "https://files.pythonhosted.org/packages/c5/83/47a9e7513ba4d943a9dac2f6752b444377c91880f4f4968799b4f42d89cc/cpplint-2.0.2.tar.gz", hash = "sha256:8a5971e4b5490133e425284f0c566c7ade0b959e61018d2c9af3ff7f357ddc57", size = 373781, upload-time = "2025-04-08T01:22:26.017Z" }
wheels = [
    { url = "https://files.pythonhosted.org/packages/66/65/08d3a5039b565231c501b31d1a973d4222e9803c03b2c31a9c08bdec3e30/cpplint-2.0.2-py3-none-any.whl", hash = "sha256:7ec188b5a08e604294ae7e7f88ec3ece2699de857f0533b305620c8cf237cad5", size = 81987, upload-time = "2025-04-08T01:22:24.101Z" },
]

[[package]]
name = "flake8"
version = "7.4.1"
source = { registry = "https://pypi.org/simple" }
dependencies = [
    { name = "mccabe" },
    { name = "pycodestyle" },
    { name = "pyflakes" },
]
sdist = { url = "https://files.pythonhosted.org/packages/c2/94/85870fc02dfe4ab0885c440e7e41f6a986b10e43eca6717e90f8ce1215cc/flake8-7.4.1.tar.gz", hash = "sha256:84ea5afcaf344487b0ea5baaebb8100f4cfaebc01f755998f75876664029f587", size = 47897, upload-time = "2026-09-23T12:21:59.283Z" }
wheels = [
    { url = "https://files.pythonhosted.org/packages/b5/d4/8e58a7221419bf8cb194f362ab26abf504c983135975e4c785fac0852886/flake8-7.4.1-py2.py3-none-any.whl", hash = "sha256:78480274a6d7289d9cb8eafeda241fac57d4ea687d26e32dfdca37b72cdeddad", size = 57449, upload-time = "2026-09-23T12:21:58.085Z" },
]

[[package]]
name = "mccabe"
version = "0.7.0"
source = { registry = "https://pypi.org/simple" }
sdist = { url = "https://files.pythonhosted.org/packages/e7/ff/0ffefdcac38932a54d2b5eed4e0ba8a408f215002cd178ad1df0f2806ff8/mccabe-0.7.0.tar.gz", hash = "sha256:348e0240c33b60bbdf4e523192ef919f28cb2c3d7d5c7794f74009290f236325", size = 9658, upload-time = "2022-01-24T01:14:51.113Z" }
wheels = [
    { url = "https://files.pythonhosted.org/packages/27/1a/1f68f9ba0c207934b35b86a8ca3aad8395a3d6dd7921c0686e23853ff5a9/mccabe-0.7.0-py2.py3-none-any.whl", hash = "sha256:6c2d30ab6be0e4a46919781807b4f0d834ebdd6c6e3dca0bda5a15f863427b6e", size = 7350, upload-time = "2022-01-24T01:14:49.62Z" },
]

[[package]]
name = "mypy-extensions"
version = "1.1.0"
source = { registry = "https://pypi.org/simple" }
sdist = { url = "https://files.pythonhosted.org/packages/a2/6e/371856a3fb9d31ca8dac321cda606860fa4548858c0cc45d9d1d4ca2628b/mypy_extensions-1.1.0.tar.gz", hash = "sha256:52e68efc3284861e772bbcd66823fde5ae21fd2fdb51c62a211403730b916558", size = 6343, upload-time = "2025-04-22T14:54:24.164Z" }
wheels = [
    { url = "https://files.pythonhosted.org/packages/79/7b/2c79738432f5c924bef5071f933bcc9efd0473bac3b4aa584a6f7c1c8df8/mypy_extensions-1.1.0-py3-none-any.whl", hash = "sha256:1be4cccdb0f2482337c4743e60421de3a356cd97508abadd57d47403e94f5505", size = 4963, upload-time = "2025-04-22T14:54:22.983Z" },
]

[[package]]
name = "ninja"
version = "1.13.2"
source = { registry = "https://pypi.org/simple" }
sdist = { url = "https://files.pythonhosted.org/packages/ac/92/410b7917d16ab54c04b05cc32b9284803671d91cf79d33be6009c28d4ea8/ninja-1.13.2.tar.gz", hash = "sha256:525bfa3fc88aa30a4467df270fd5be6f9fcae8061d54d4df74ea1dc5abd5a975", size = 243739, upload-time = "2026-08-30T15:49:51.897Z" }
wheels = [
    { url = "https://files.pythonhosted.org/packages/b5/b8/90a9518f2264637084d6199bc20c2f3fb97fefc4c474d277720150c3bd6d/ninja-1.13.2-py3-none-macosx_10_9_universal2.whl", hash = "sha256:fd82e26c0706ad4ab88e5fdd26f3fab0a987a90f810160f6c322e752c6af298b", size = 306611, upload-time = "2026-08-30T15:49:28.267Z" },
    { url = "https://files.pythonhosted.org/packages/35/54/7368ce188625e39acc03ee362bb86cc9bfa6ad15e25c50889ae36e2889b3/ninja-1.13.2-py3-none-manylinux2014_aarch64.manylinux_2_17_aarch64.whl", hash = "sha256:d775a5e43e9088f507a6250d57fcf5678eb31268c545feb5064ffeee33735622", size = 177180, upload-time = "2026-08-30T15:49:29.59Z" },
    { url = "https://files.pythonhosted.org/packages/80/1a/0b5601ece2a5de97253e7c7c442b70315333955593c2b55616fd17f1706f/ninja-1.13.2-py3-none-manylinux2014_i686.manylinux_2_17_i686.whl", hash = "sha256:81d95081c0ad7c95f67bf682220361ed2a32659d7861b4766b03433c58f22516", size = 199485, upload-time = "2026-08-30T15:49:30.72Z" },
    { url = "https://files.pythonhosted.org/packages/48/23/fcbe234a66966e35928c47b86336f92a7612db4781665f4e5f5fddef9630/ninja-1.13.2-py3-none-manylinux2014_ppc64le.manylinux_2_17_ppc64le.whl", hash = "sha256:227cbc3ae3e5e429692388103cae8c09451df086cd2d342dae0795af0d162547", size = 197676, upload-time = "2026-08-30T15:49:32.026Z" },
    { url = "https://files.pythonhosted.org/packages/24/eb/a6ca97ef0ff7bb8bdcb395ec65a716e65d7c1f40896c3afe0090bb3e1535/ninja-1.13.2-py3-none-manylinux2014_s390x.manylinux_2_17_s390x.whl", hash = "sha256:1684c60d031c54c1d049541b64243c0c567dca5463dbd77682a8901780af293d", size = 187980, upload-time = "2026-08-30T15:49:33.372Z" },
    { url = "https://files.pythonhosted.org/packages/6e/53/ebfed7b689c338dd8ebeec9c0730c8d56821292f14e2536e5f3ef1a05744/ninja-1.13.2-py3-none-manylinux2014_x86_64.manylinux_2_17_x86_64.whl", hash = "sha256:65a24341b5ac09fcadcc37082660be40a94174e51a937fabf6e2cae26225fa2c", size = 183365, upload-time = "2026-08-30T15:49:34.53Z" },
    { url = "https://files.pythonhosted.org/packages/c7/d6/dcf06d7ab44ade992ae5aa1228feff317684b463a1bd47e8642b30ac922e/ninja-1.13.2-py3-none-manylinux_2_28_armv7l.manylinux_2_31_armv7l.whl", hash = "sha256:aa3d2ae5706a2c4d1e93edc951d1c6cbb45107413c404f8fde1741239efbc9a0", size = 155089, upload-time = "2026-08-30T15:49:35.72Z" },
    { url = "https://files.pythonhosted.org/packages/e1/6b/6513c09c33382b17c05b4349b8e81437b18680d0d7ec6fb8f7edc29adda1/ninja-1.13.2-py3-none-manylinux_2_31_riscv64.whl", hash = "sha256:919572cbc3f233261ecd41fe1f3efc9d44aa02464a4588867e06a8b4f6f416ea", size = 152149, upload-time = "2026-08-30T15:49:36.971Z" },
    { url = "https://files.pythonhosted.org/packages/4d/70/d59fa4261f5ce586f43d8716de1da33d813afc116f0bf9173bf4cdbfdb2a/ninja-1.13.2-py3-none-musllinux_1_2_aarch64.whl", hash = "sha256:0e083700470c02ca154a855ae6d692d03564f5064cae52e113896f9ccc078418", size = 525392, upload-time = "2026-08-30T15:49:38.136Z" },
    { url = "https://files.pythonhosted.org/packages/37/04/c8c2dc5b2f5fee79a1691d490256b178b7e1af97d56769117422ae8a23cc/ninja-1.13.2-py3-none-musllinux_1_2_armv7l.whl", hash = "sha256:59d71c3e15b6b6f3d903eb0c27285544e0747ca59925ada7037bb1af781ad4b3", size = 466268, upload-time = "2026-08-30T15:49:39.479Z" },
    { url = "https://files.pythonhosted.org/packages/f3/6d/fce288647e53e96e0f0929a3c5b23986aae1b7101ea8889a3090237c5d13/ninja-1.13.2-py3-none-musllinux_1_2_i686.whl", hash = "sha256:f90f84affc441e219f15fe52532806c1c9dbd22fb66c3addddce88a3deaabab7", size = 605088, upload-time = "2026-08-30T15:49:40.826Z" },
    { url = "https://files.pythonhosted.org/packages/10/a2/d8eedd25d0ae80b9e874aea362013e67416877c8f732eb4d5e7c971fdb9c/ninja-1.13.2-py3-none-musllinux_1_2_ppc64le.whl", hash = "sha256:b2f687437fac460b27b7eadc99039b1163016fb4ba7276e2782a192d9f24ee0e", size = 610806, upload-time = "2026-08-30T15:49:42.168Z" },
    { url = "https://files.pythonhosted.org/packages/14/0f/696d96821fad1b5767fd311c1569dde8881a57412369bfe7b11bcbfde036/ninja-1.13.2-py3-none-musllinux_1_2_riscv64.whl", hash = "sha256:09de9ab04f7352f51570c73fd4913acb1e6c24be0a72cd8b80243d4d3ed04925", size = 533978, upload-time = "2026-08-30T15:49:43.451Z" },
    { url = "https://files.pythonhosted.org/packages/5d/69/28844ca579156776a202217a7cd66f60d06a0710a935e879bb89ce396ecc/ninja-1.13.2-py3-none-musllinux_1_2_s390x.whl", hash = "sha256:6a87bf42b123abe2f37737300185f0a303a891899da85d73a3613ee80547e578", size = 653822, upload-time = "2026-08-30T15:49:44.724Z" },
    { url = "https://files.pythonhosted.org/packages/f5/5f/c511f2952f94ab2966d60edd9c34e744ea32f2724b1184b62270bde55b3a/ninja-1.13.2-py3-none-musllinux_1_2_x86_64.whl", hash = "sha256:915bd482c4be41c75120fd67a22e0bb3f0fbb3bbc5f95b89787deadd59e27ef2", size = 544460, upload-time = "2026-08-30T15:49:46.29Z" },
    { url = "https://files.pythonhosted.org/packages/79/e7/fb0e828e89ac77ef77183a0834f17c4108e66088732fed86a3cc3c776a7a/ninja-1.13.2-py3-none-win32.whl", hash = "sha256:792cadbb9decfd1f776d4d0a6930feb46d08302eb57c176bcf26b09de5748e9f", size = 270319, upload-time = "2026-08-30T15:49:47.942Z" },
    { url = "https://files.pythonhosted.org/packages/3f/dd/3766b5f4d32e8a9b97d195496b0b01fbbe2e1a41669dab0cd6492a6ce199/ninja-1.13.2-py3-none-win_amd64.whl", hash = "sha256:1293f4078278b70d0ee4b6cc8f3a9e030656c9b2f59909970343c4fe76070118", size = 311798, upload-time = "2026-08-30T15:49:49.351Z" },
    { url = "https://files.pythonhosted.org/packages/b7/8d/59a31fa508070d042571d9d226b541a21000756817313f397da22287ad34/ninja-1.13.2-py3-none-win_arm64.whl", hash = "sha256:1db9852e528efa7702f5123969f86678663e46d57ff28ab13f5fd84d64a85fb1", size = 290620, upload-time = "2026-08-30T15:49:50.639Z" },
]

[[package]]
name = "packaging"
version = "26.3"
source = { registry = "https://pypi.org/simple" }
sdist = { url = "https://files.pythonhosted.org/packages/7d/fa/3944b40b07da9ce895c0e6303a5ab7d53da063554f534556b134a54d6093/packaging-26.3.tar.gz", hash = "sha256:94edc256424af38762eb31306eed28beb9f0efc50a8837492c9d6fd6004aed79", size = 313412, upload-time = "2026-08-04T18:15:28.737Z" }
wheels = [
    { url = "https://files.pythonhosted.org/packages/63/34/ba1c580383c9eada3711951fef0795c80b829a078d72188184bcab9dd527/packaging-26.3-py3-none-any.whl", hash = "sha256:d7193f7c8e4e93f444fde0262bf90af30e16fa0ad0ad44cb553c87339b23cd1c", size = 129956, upload-time = "2026-08-04T18:15:27.159Z" },
]

[[package]]
name = "pathspec"
version = "1.1.1"
source = { registry = "https://pypi.org/simple" }
sdist = { url = "https://files.pythonhosted.org/packages/5a/82/42f767fc1c1143d6fd36efb827202a2d997a375e160a71eb2888a925aac1/pathspec-1.1.1.tar.gz", hash = "sha256:17db5ecd524104a120e173814c90367a96a98d07c45b2e10c2f3919fff91bf5a", size = 135180, upload-time = "2026-04-27T01:46:08.907Z" }
wheels = [
    { url = "https://files.pythonhosted.org/packages/f1/d9/7fb5aa316bc299258e68c73ba3bddbc499654a07f151cba08f6153988714/pathspec-1.1.1-py3-none-any.whl", hash = "sha256:a00ce642f577bf7f473932318056212bc4f8bfdf53128c78bbd5af0b9b20b189", size = 57328, upload-time = "2026-04-27T01:46:07.06Z" },
]

[[package]]
name = "platformdirs"
version = "4.12.4"
source = { registry = "https://pypi.org/simple" }
sdist = { url = "https://files.pythonhosted.org/packages/90/a1/d5f9002a70298c64a789779077d8dd90c10aa1f47fe40c86802df874f2a6/platformdirs-4.12.4.tar.gz", hash = "sha256:63743c02414e755de4e31b8f68125c1407495b86c5a006e203c01ff8b9924250", size = 60010, upload-time = "2026-10-07T23:30:32.426Z" }
wheels = [
    { url = "https://files.pythonhosted.org/packages/f4/ba/223e00b885e960edd5d4b4d178c88acce019bd5b83786093681b8c393492/platformdirs-4.12.4-py3-none-any.whl", hash = "sha256:78bfb9db2a8471ed7eebe3c3c932da413911042994e699b384fbb4493fa872d7", size = 32596, upload-time = "2026-10-07T23:30:30.825Z" },
]

[[package]]
name = "pycodestyle"
version = "2.15.0"
source = { registry = "https://pypi.org/simple" }
sdist = { url = "https://files.pythonhosted.org/packages/86/df/178e41c9ed0ff33c23b3f3757e4e658c889f9abc5ad76ece6cd607b12e9c/pycodestyle-2.15.0.tar.gz", hash = "sha256:318f5db083869b4c4dad922d0b11124fb27ab181b6730b93371da671e31bd50e", size = 39765, upload-time = "2026-09-22T22:15:34.926Z" }
wheels = [
    { url = "https://files.pythonhosted.org/packages/56/e2/480bcdb153feecde4d736b18c908c7eee4846f11d7547d2e0c71499af630/pycodestyle-2.15.0-py2.py3-none-any.whl", hash = "sha256:12fd2f73c7b8ee8845a0431111df8faf4c1a07d6e64e2ee7f0c74014dab14181", size = 31583, upload-time = "2026-09-22T22:15:34.007Z" },
]

[[package]]
name = "pyflakes"
version = "4.0.3"
source = { registry = "https://pypi.org/simple" }
sdist = { url = "https://files.pythonhosted.org/packages/2c/1b/3ba8bd62723cfe1b651c4e4b89b33767fce7a08bb800491cf1d3dd3a7716/pyflakes-4.0.3.tar.gz", hash = "sha256:94762a3a5a343a79b28754f96c554bce057a592a4896907d73f0369fe824e053", size = 67126, upload-time = "2026-10-07T18:57:25.327Z" }
wheels = [
    { url = "https://files.pythonhosted.org/packages/44/b0/554d720d71083ccd24ba2f376c048544c073570e7bb18b34d769cef77f66/pyflakes-4.0.3-py2.py3-none-any.whl", hash = "sha256:330ba92b8c1db2eb0b8f4068f6c58674e2649a99e334769aa50e3e9c5b11c23a", size = 66250, upload-time = "2026-10-07T18:57:24.403Z" },
]

[[package]]
name = "pytokens"
version = "0.4.1"
source = { registry = "https://pypi.org/simple" }
sdist = { url = "https://files.pythonhosted.org/packages/b6/34/b4e015b99031667a7b960f888889c5bd34ef585c85e1cb56a594b92836ac/pytokens-0.4.1.tar.gz", hash = "sha256:292052fe80923aae2260c073f822ceba21f3872ced9a68bb7953b348e561179a", size = 23015, upload-time = "2026-01-30T01:03:45.924Z" }
wheels = [
    { url = "https://files.pythonhosted.org/packages/8f/a7/b470f672e6fc5fee0a01d9e75005a0e617e162381974213a945fcd274843/pytokens-0.4.1-cp314-cp314-macosx_11_0_arm64.whl", hash = "sha256:4a14d5f5fc78ce85e426aa159489e2d5961acf0e47575e08f35584009178e321", size = 160821, upload-time = "2026-01-30T01:03:19.684Z" },
    { url = "https://files.pythonhosted.org/packages/80/98/e83a36fe8d170c911f864bfded690d2542bfcfacb9c649d11a9e6eb9dc41/pytokens-0.4.1-cp314-cp314-manylinux2014_aarch64.manylinux_2_17_aarch64.manylinux_2_28_aarch64.whl", hash = "sha256:97f50fd18543be72da51dd505e2ed20d2228c74e0464e4262e4899797803d7fa", size = 254263, upload-time = "2026-01-30T01:03:20.834Z" },
    { url = "https://files.pythonhosted.org/packages/0f/95/70d7041273890f9f97a24234c00b746e8da86df462620194cef1d411ddeb/pytokens-0.4.1-cp314-cp314-manylinux2014_x86_64.manylinux_2_17_x86_64.manylinux_2_28_x86_64.whl", hash = "sha256:dc74c035f9bfca0255c1af77ddd2d6ae8419012805453e4b0e7513e17904545d", size = 268071, upload-time = "2026-01-30T01:03:21.888Z" },
    { url = "https://files.pythonhosted.org/packages/da/79/76e6d09ae19c99404656d7db9c35dfd20f2086f3eb6ecb496b5b31163bad/pytokens-0.4.1-cp314-cp314-musllinux_1_2_x86_64.whl", hash = "sha256:f66a6bbe741bd431f6d741e617e0f39ec7257ca1f89089593479347cc4d13324", size = 271716, upload-time = "2026-01-30T01:03:23.633Z" },
    { url = "https://files.pythonhosted.org/packages/79/37/482e55fa1602e0a7ff012661d8c946bafdc05e480ea5a32f4f7e336d4aa9/pytokens-0.4.1-cp314-cp314-win_amd64.whl", hash = "sha256:b35d7e5ad269804f6697727702da3c517bb8a5228afa450ab0fa787732055fc9", size = 104539, upload-time = "2026-01-30T01:03:24.788Z" },
    { url = "https://files.pythonhosted.org/packages/30/e8/20e7db907c23f3d63b0be3b8a4fd1927f6da2395f5bcc7f72242bb963dfe/pytokens-0.4.1-cp314-cp314t-macosx_11_0_arm64.whl", hash = "sha256:8fcb9ba3709ff77e77f1c7022ff11d13553f3c30299a9fe246a166903e9091eb", size = 168474, upload-time = "2026-01-30T01:03:26.428Z" },
    { url = "https://files.pythonhosted.org/packages/d6/81/88a95ee9fafdd8f5f3452107748fd04c24930d500b9aba9738f3ade642cc/pytokens-0.4.1-cp314-cp314t-manylinux2014_aarch64.manylinux_2_17_aarch64.manylinux_2_28_aarch64.whl", hash = "sha256:79fc6b8699564e1f9b521582c35435f1bd32dd06822322ec44afdeba666d8cb3", size = 290473, upload-time = "2026-01-30T01:03:27.415Z" },
    { url = "https://files.pythonhosted.org/packages/cf/35/3aa899645e29b6375b4aed9f8d21df219e7c958c4c186b465e42ee0a06bf/pytokens-0.4.1-cp314-cp314t-manylinux2014_x86_64.manylinux_2_17_x86_64.manylinux_2_28_x86_64.whl", hash = "sha256:d31b97b3de0f61571a124a00ffe9a81fb9939146c122c11060725bd5aea79975", size = 303485, upload-time = "2026-01-30T01:03:28.558Z" },
    { url = "https://files.pythonhosted.org/packages/52/a0/07907b6ff512674d9b201859f7d212298c44933633c946703a20c25e9d81/pytokens-0.4.1-cp314-cp314t-musllinux_1_2_x86_64.whl", hash = "sha256:967cf6e3fd4adf7de8fc73cd3043754ae79c36475c1c11d514fc72cf5490094a", size = 306698, upload-time = "2026-01-30T01:03:29.653Z" },
    { url = "https://files.pythonhosted.org/packages/39/2a/cbbf9250020a4a8dd53ba83a46c097b69e5eb49dd14e708f496f548c6612/pytokens-0.4.1-cp314-cp314t-win_amd64.whl", hash = "sha256:584c80c24b078eec1e227079d56dc22ff755e0ba8654d8383b2c549107528918", size = 116287, upload-time = "2026-01-30T01:03:30.912Z" },
    { url = "https://files.pythonhosted.org/packages/c6/78/397db326746f0a342855b81216ae1f0a32965deccfd7c830a2dbc66d2483/pytokens-0.4.1-py3-none-any.whl", hash = "sha256:26cef14744a8385f35d0e095dc8b3a7583f6c953c2e3d269c7f82484bf5ad2de", size = 13729, upload-time = "2026-01-30T01:03:45.029Z" },
]

[[package]]
name = "shadowthehedgehog"
version = "0.1.0"
source = { virtual = "." }
dependencies = [
    { name = "ninja" },
]

[package.dev-dependencies]
dev = [
    { name = "black" },
    { name = "clang-format" },
    { name = "cpplint" },
    { name = "flake8" },
]

[package.metadata]
requires-dist = [{ name = "ninja", specifier = ">=1.13.2" }]

[package.metadata.requires-dev]
dev = [
    { name = "black", specifier = ">=26.10.0" },
    { name = "clang-format", specifier = ">=23.1.3" },
    { name = "cpplint", specifier = ">=2.0.2" },
    { name = "flake8", specifier = ">=7.4.1" },
]
